// !$*UTF8*$!
{
	archiveVersion = 1;
	classes = {
	};
	objectVersion = 55;
	objects = {

/* Begin PBXBuildFile section */
		1F894E5D275099A000567CA3 /* EcommerceDemoApp.swift in Sources */ = {isa = PBXBuildFile; fileRef = 1F894E5C275099A000567CA3 /* EcommerceDemoApp.swift */; };
		1F894E5F275099A000567CA3 /* ContentView.swift in Sources */ = {isa = PBXBuildFile; fileRef = 1F894E5E275099A000567CA3 /* ContentView.swift */; };
		1F894E61275099A200567CA3 /* Assets.xcassets in Resources */ = {isa = PBXBuildFile; fileRef = 1F894E60275099A200567CA3 /* Assets.xcassets */; };
		1F894E64275099A200567CA3 /* Preview Assets.xcassets in Resources */ = {isa = PBXBuildFile; fileRef = 1F894E63275099A200567CA3 /* Preview Assets.xcassets */; };
		1F894E6E275099A200567CA3 /* EcommerceDemoTests.swift in Sources */ = {isa = PBXBuildFile; fileRef = 1F894E6D275099A200567CA3 /* EcommerceDemoTests.swift */; };
		1F894E78275099A200567CA3 /* EcommerceDemoUITests.swift in Sources */ = {isa = PBXBuildFile; fileRef = 1F894E77275099A200567CA3 /* EcommerceDemoUITests.swift */; };
		1F894E7A275099A200567CA3 /* EcommerceDemoUITestsLaunchTests.swift in Sources */ = {isa = PBXBuildFile; fileRef = 1F894E79275099A200567CA3 /* EcommerceDemoUITestsLaunchTests.swift */; };
		1F894E8D27509B5D00567CA3 /* Raleway-Bold.ttf in Resources */ = {isa = PBXBuildFile; fileRef = 1F894E8A27509B5D00567CA3 /* Raleway-Bold.ttf */; };
		1F894E8E27509B5D00567CA3 /* Raleway-Regular.ttf in Resources */ = {isa = PBXBuildFile; fileRef = 1F894E8B27509B5D00567CA3 /* Raleway-Regular.ttf */; };
		1F894E8F27509B5D00567CA3 /* Raleway-SemiBold.ttf in Resources */ = {isa = PBXBuildFile; fileRef = 1F894E8C27509B5D00567CA3 /* Raleway-SemiBold.ttf */; };
		1F894E9B27509D1D00567CA3 /* LoginSceneVM.swift in Sources */ = {isa = PBXBuildFile; fileRef = 1F894E9A27509D1D00567CA3 /* LoginSceneVM.swift */; };
		1F894E9D27509E8E00567CA3 /* OnboardingSceneView.swift in Sources */ = {isa = PBXBuildFile; fileRef = 1F894E9C27509E8E00567CA3 /* OnboardingSceneView.swift */; };
		1F894E9F27509FB300567CA3 /* FontManager.swift in Sources */ = {isa = PBXBuildFile; fileRef = 1F894E9E27509FB300567CA3 /* FontManager.swift */; };
		1F894EA12750A27900567CA3 /* CustomCorners.swift in Sources */ = {isa = PBXBuildFile; fileRef = 1F894EA02750A27900567CA3 /* CustomCorners.swift */; };
		1F894EA32750A55B00567CA3 /* LoginSceneView.swift in Sources */ = {isa = PBXBuildFile; fileRef = 1F894EA22750A55B00567CA3 /* LoginSceneView.swift */; };
/* End PBXBuildFile section */

/* Begin PBXContainerItemProxy section */
		1F894E6A275099A200567CA3 /* PBXContainerItemProxy */ = {
			isa = PBXContainerItemProxy;
			containerPortal = 1F894E51275099A000567CA3 /* Project object */;
			proxyType = 1;
			remoteGlobalIDString = 1F894E58275099A000567CA3;
			remoteInfo = EcommerceDemo;
		};
		1F894E74275099A200567CA3 /* PBXContainerItemProxy */ = {
			isa = PBXContainerItemProxy;
			containerPortal = 1F894E51275099A000567CA3 /* Project object */;
			proxyType = 1;
			remoteGlobalIDString = 1F894E58275099A000567CA3;
			remoteInfo = EcommerceDemo;
		};
/* End PBXContainerItemProxy section */

/* Begin PBXFileReference section */
		1F894E59275099A000567CA3 /* EcommerceDemo.app */ = {isa = PBXFileReference; explicitFileType = wrapper.application; includeInIndex = 0; path = EcommerceDemo.app; sourceTree = BUILT_PRODUCTS_DIR; };
		1F894E5C275099A000567CA3 /* EcommerceDemoApp.swift */ = {isa = PBXFileReference; lastKnownFileType = sourcecode.swift; path = EcommerceDemoApp.swift; sourceTree = "<group>"; };
		1F894E5E275099A000567CA3 /* ContentView.swift */ = {isa = PBXFileReference; lastKnownFileType = sourcecode.swift; path = ContentView.swift; sourceTree = "<group>"; };
		1F894E60275099A200567CA3 /* Assets.xcassets */ = {isa = PBXFileReference; lastKnownFileType = folder.assetcatalog; path = Assets.xcassets; sourceTree = "<group>"; };
		1F894E63275099A200567CA3 /* Preview Assets.xcassets */ = {isa = PBXFileReference; lastKnownFileType = folder.assetcatalog; path = "Preview Assets.xcassets"; sourceTree = "<group>"; };
		1F894E69275099A200567CA3 /* EcommerceDemoTests.xctest */ = {isa = PBXFileReference; explicitFileType = wrapper.cfbundle; includeInIndex = 0; path = EcommerceDemoTests.xctest; sourceTree = BUILT_PRODUCTS_DIR; };
		1F894E6D275099A200567CA3 /* EcommerceDemoTests.swift */ = {isa = PBXFileReference; lastKnownFileType = sourcecode.swift; path = EcommerceDemoTests.swift; sourceTree = "<group>"; };
		1F894E73275099A200567CA3 /* EcommerceDemoUITests.xctest */ = {isa = PBXFileReference; explicitFileType = wrapper.cfbundle; includeInIndex = 0; path = EcommerceDemoUITests.xctest; sourceTree = BUILT_PRODUCTS_DIR; };
		1F894E77275099A200567CA3 /* EcommerceDemoUITests.swift */ = {isa = PBXFileReference; lastKnownFileType = sourcecode.swift; path = EcommerceDemoUITests.swift; sourceTree = "<group>"; };
		1F894E79275099A200567CA3 /* EcommerceDemoUITestsLaunchTests.swift */ = {isa = PBXFileReference; lastKnownFileType = sourcecode.swift; path = EcommerceDemoUITestsLaunchTests.swift; sourceTree = "<group>"; };
		1F894E8727509AC000567CA3 /* Info.plist */ = {isa = PBXFileReference; lastKnownFileType = text.plist; path = Info.plist; sourceTree = "<group>"; };
		1F894E8A27509B5D00567CA3 /* Raleway-Bold.ttf */ = {isa = PBXFileReference; lastKnownFileType = file; path = "Raleway-Bold.ttf"; sourceTree = "<group>"; };
		1F894E8B27509B5D00567CA3 /* Raleway-Regular.ttf */ = {isa = PBXFileReference; lastKnownFileType = file; path = "Raleway-Regular.ttf"; sourceTree = "<group>"; };
		1F894E8C27509B5D00567CA3 /* Raleway-SemiBold.ttf */ = {isa = PBXFileReference; lastKnownFileType = file; path = "Raleway-SemiBold.ttf"; sourceTree = "<group>"; };
		1F894E9A27509D1D00567CA3 /* LoginSceneVM.swift */ = {isa = PBXFileReference; lastKnownFileType = sourcecode.swift; path = LoginSceneVM.swift; sourceTree = "<group>"; };
		1F894E9C27509E8E00567CA3 /* OnboardingSceneView.swift */ = {isa = PBXFileReference; lastKnownFileType = sourcecode.swift; path = OnboardingSceneView.swift; sourceTree = "<group>"; };
		1F894E9E27509FB300567CA3 /* FontManager.swift */ = {isa = PBXFileReference; lastKnownFileType = sourcecode.swift; path = FontManager.swift; sourceTree = "<group>"; };
		1F894EA02750A27900567CA3 /* CustomCorners.swift */ = {isa = PBXFileReference; lastKnownFileType = sourcecode.swift; path = CustomCorners.swift; sourceTree = "<group>"; };
		1F894EA22750A55B00567CA3 /* LoginSceneView.swift */ = {isa = PBXFileReference; lastKnownFileType = sourcecode.swift; path = LoginSceneView.swift; sourceTree = "<group>"; };
/* End PBXFileReference section */

/* Begin PBXFrameworksBuildPhase section */
		1F894E56275099A000567CA3 /* Frameworks */ = {
			isa = PBXFrameworksBuildPhase;
			buildActionMask = 2147483647;
			files = (
			);
			runOnlyForDeploymentPostprocessing = 0;
		};
		1F894E66275099A200567CA3 /* Frameworks */ = {
			isa = PBXFrameworksBuildPhase;
			buildActionMask = 2147483647;
			files = (
			);
			runOnlyForDeploymentPostprocessing = 0;
		};
		1F894E70275099A200567CA3 /* Frameworks */ = {
			isa = PBXFrameworksBuildPhase;
			buildActionMask = 2147483647;
			files = (
			);
			runOnlyForDeploymentPostprocessing = 0;
		};
/* End PBXFrameworksBuildPhase section */

/* Begin PBXGroup section */
		1F894E50275099A000567CA3 = {
			isa = PBXGroup;
			children = (
				1F894E5B275099A000567CA3 /* EcommerceDemo */,
				1F894E6C275099A200567CA3 /* EcommerceDemoTests */,
				1F894E76275099A200567CA3 /* EcommerceDemoUITests */,
				1F894E5A275099A000567CA3 /* Products */,
			);
			sourceTree = "<group>";
		};
		1F894E5A275099A000567CA3 /* Products */ = {
			isa = PBXGroup;
			children = (
				1F894E59275099A000567CA3 /* EcommerceDemo.app */,
				1F894E69275099A200567CA3 /* EcommerceDemoTests.xctest */,
				1F894E73275099A200567CA3 /* EcommerceDemoUITests.xctest */,
			);
			name = Products;
			sourceTree = "<group>";
		};
		1F894E5B275099A000567CA3 /* EcommerceDemo */ = {
			isa = PBXGroup;
			children = (
				1F894E9427509C9A00567CA3 /* Resources */,
				1F894E9327509C9000567CA3 /* Managers */,
				1F894E9227509C8200567CA3 /* API */,
				1F894E9127509C7200567CA3 /* Modules */,
				1F894E8727509AC000567CA3 /* Info.plist */,
				1F894E5C275099A000567CA3 /* EcommerceDemoApp.swift */,
				1F894E5E275099A000567CA3 /* ContentView.swift */,
				1F894E60275099A200567CA3 /* Assets.xcassets */,
				1F894E62275099A200567CA3 /* Preview Content */,
			);
			path = EcommerceDemo;
			sourceTree = "<group>";
		};
		1F894E62275099A200567CA3 /* Preview Content */ = {
			isa = PBXGroup;
			children = (
				1F894E63275099A200567CA3 /* Preview Assets.xcassets */,
			);
			path = "Preview Content";
			sourceTree = "<group>";
		};
		1F894E6C275099A200567CA3 /* EcommerceDemoTests */ = {
			isa = PBXGroup;
			children = (
				1F894E6D275099A200567CA3 /* EcommerceDemoTests.swift */,
			);
			path = EcommerceDemoTests;
			sourceTree = "<group>";
		};
		1F894E76275099A200567CA3 /* EcommerceDemoUITests */ = {
			isa = PBXGroup;
			children = (
				1F894E77275099A200567CA3 /* EcommerceDemoUITests.swift */,
				1F894E79275099A200567CA3 /* EcommerceDemoUITestsLaunchTests.swift */,
			);
			path = EcommerceDemoUITests;
			sourceTree = "<group>";
		};
		1F894E86275099D100567CA3 /* Fonts */ = {
			isa = PBXGroup;
			children = (
				1F894E8A27509B5D00567CA3 /* Raleway-Bold.ttf */,
				1F894E8B27509B5D00567CA3 /* Raleway-Regular.ttf */,
				1F894E8C27509B5D00567CA3 /* Raleway-SemiBold.ttf */,
			);
			path = Fonts;
			sourceTree = "<group>";
		};
		1F894E9027509C6B00567CA3 /* Models */ = {
			isa = PBXGroup;
			children = (
			);
			path = Models;
			sourceTree = "<group>";
		};
		1F894E9127509C7200567CA3 /* Modules */ = {
			isa = PBXGroup;
			children = (
				1F894E9727509CD100567CA3 /* OnboardingScene */,
				1F894E9627509CC800567CA3 /* SignupScene */,
				1F894E9527509CBF00567CA3 /* LoginScene */,
			);
			path = Modules;
			sourceTree = "<group>";
		};
		1F894E9227509C8200567CA3 /* API */ = {
			isa = PBXGroup;
			children = (
			);
			path = API;
			sourceTree = "<group>";
		};
		1F894E9327509C9000567CA3 /* Managers */ = {
			isa = PBXGroup;
			children = (
				1F894E9E27509FB300567CA3 /* FontManager.swift */,
				1F894EA02750A27900567CA3 /* CustomCorners.swift */,
			);
			path = Managers;
			sourceTree = "<group>";
		};
		1F894E9427509C9A00567CA3 /* Resources */ = {
			isa = PBXGroup;
			children = (
				1F894E86275099D100567CA3 /* Fonts */,
			);
			path = Resources;
			sourceTree = "<group>";
		};
		1F894E9527509CBF00567CA3 /* LoginScene */ = {
			isa = PBXGroup;
			children = (
				1F894E9027509C6B00567CA3 /* Models */,
				1F894E9927509CF000567CA3 /* ViewModel */,
				1F894E9827509CE800567CA3 /* View */,
			);
			path = LoginScene;
			sourceTree = "<group>";
		};
		1F894E9627509CC800567CA3 /* SignupScene */ = {
			isa = PBXGroup;
			children = (
			);
			path = SignupScene;
			sourceTree = "<group>";
		};
		1F894E9727509CD100567CA3 /* OnboardingScene */ = {
			isa = PBXGroup;
			children = (
				1F894E9C27509E8E00567CA3 /* OnboardingSceneView.swift */,
			);
			path = OnboardingScene;
			sourceTree = "<group>";
		};
		1F894E9827509CE800567CA3 /* View */ = {
			isa = PBXGroup;
			children = (
				1F894EA22750A55B00567CA3 /* LoginSceneView.swift */,
			);
			path = View;
			sourceTree = "<group>";
		};
		1F894E9927509CF000567CA3 /* ViewModel */ = {
			isa = PBXGroup;
			children = (
				1F894E9A27509D1D00567CA3 /* LoginSceneVM.swift */,
			);
			path = ViewModel;
			sourceTree = "<group>";
		};
/* End PBXGroup section */

/* Begin PBXNativeTarget section */
		1F894E58275099A000567CA3 /* EcommerceDemo */ = {
			isa = PBXNativeTarget;
			buildConfigurationList = 1F894E7D275099A200567CA3 /* Build configuration list for PBXNativeTarget "EcommerceDemo" */;
			buildPhases = (
				1F894E55275099A000567CA3 /* Sources */,
				1F894E56275099A000567CA3 /* Frameworks */,
				1F894E57275099A000567CA3 /* Resources */,
			);
			buildRules = (
			);
			dependencies = (
			);
			name = EcommerceDemo;
			productName = EcommerceDemo;
			productReference = 1F894E59275099A000567CA3 /* EcommerceDemo.app */;
			productType = "com.apple.product-type.application";
		};
		1F894E68275099A200567CA3 /* EcommerceDemoTests */ = {
			isa = PBXNativeTarget;
			buildConfigurationList = 1F894E80275099A200567CA3 /* Build configuration list for PBXNativeTarget "EcommerceDemoTests" */;
			buildPhases = (
				1F894E65275099A200567CA3 /* Sources */,
				1F894E66275099A200567CA3 /* Frameworks */,
				1F894E67275099A200567CA3 /* Resources */,
			);
			buildRules = (
			);
			dependencies = (
				1F894E6B275099A200567CA3 /* PBXTargetDependency */,
			);
			name = EcommerceDemoTests;
			productName = EcommerceDemoTests;
			productReference = 1F894E69275099A200567CA3 /* EcommerceDemoTests.xctest */;
			productType = "com.apple.product-type.bundle.unit-test";
		};
		1F894E72275099A200567CA3 /* EcommerceDemoUITests */ = {
			isa = PBXNativeTarget;
			buildConfigurationList = 1F894E83275099A200567CA3 /* Build configuration list for PBXNativeTarget "EcommerceDemoUITests" */;
			buildPhases = (
				1F894E6F275099A200567CA3 /* Sources */,
				1F894E70275099A200567CA3 /* Frameworks */,
				1F894E71275099A200567CA3 /* Resources */,
			);
			buildRules = (
			);
			dependencies = (
				1F894E75275099A200567CA3 /* PBXTargetDependency */,
			);
			name = EcommerceDemoUITests;
			productName = EcommerceDemoUITests;
			productReference = 1F894E73275099A200567CA3 /* EcommerceDemoUITests.xctest */;
			productType = "com.apple.product-type.bundle.ui-testing";
		};
/* End PBXNativeTarget section */

/* Begin PBXProject section */
		1F894E51275099A000567CA3 /* Project object */ = {
			isa = PBXProject;
			attributes = {
				BuildIndependentTargetsInParallel = 1;
				LastSwiftUpdateCheck = 1300;
				LastUpgradeCheck = 1300;
				TargetAttributes = {
					1F894E58275099A000567CA3 = {
						CreatedOnToolsVersion = 13.0;
					};
					1F894E68275099A200567CA3 = {
						CreatedOnToolsVersion = 13.0;
						TestTargetID = 1F894E58275099A000567CA3;
					};
					1F894E72275099A200567CA3 = {
						CreatedOnToolsVersion = 13.0;
						TestTargetID = 1F894E58275099A000567CA3;
					};
				};
			};
			buildConfigurationList = 1F894E54275099A000567CA3 /* Build configuration list for PBXProject "EcommerceDemo" */;
			compatibilityVersion = "Xcode 13.0";
			developmentRegion = en;
			hasScannedForEncodings = 0;
			knownRegions = (
				en,
				Base,
			);
			mainGroup = 1F894E50275099A000567CA3;
			productRefGroup = 1F894E5A275099A000567CA3 /* Products */;
			projectDirPath = "";
			projectRoot = "";
			targets = (
				1F894E58275099A000567CA3 /* EcommerceDemo */,
				1F894E68275099A200567CA3 /* EcommerceDemoTests */,
				1F894E72275099A200567CA3 /* EcommerceDemoUITests */,
			);
		};
/* End PBXProject section */

/* Begin PBXResourcesBuildPhase section */
		1F894E57275099A000567CA3 /* Resources */ = {
			isa = PBXResourcesBuildPhase;
			buildActionMask = 2147483647;
			files = (
				1F894E64275099A200567CA3 /* Preview Assets.xcassets in Resources */,
				1F894E8D27509B5D00567CA3 /* Raleway-Bold.ttf in Resources */,
				1F894E61275099A200567CA3 /* Assets.xcassets in Resources */,
				1F894E8E27509B5D00567CA3 /* Raleway-Regular.ttf in Resources */,
				1F894E8F27509B5D00567CA3 /* Raleway-SemiBold.ttf in Resources */,
			);
			runOnlyForDeploymentPostprocessing = 0;
		};
		1F894E67275099A200567CA3 /* Resources */ = {
			isa = PBXResourcesBuildPhase;
			buildActionMask = 2147483647;
			files = (
			);
			runOnlyForDeploymentPostprocessing = 0;
		};
		1F894E71275099A200567CA3 /* Resources */ = {
			isa = PBXResourcesBuildPhase;
			buildActionMask = 2147483647;
			files = (
			);
			runOnlyForDeploymentPostprocessing = 0;
		};
/* End PBXResourcesBuildPhase section */

/* Begin PBXSourcesBuildPhase section */
		1F894E55275099A000567CA3 /* Sources */ = {
			isa = PBXSourcesBuildPhase;
			buildActionMask = 2147483647;
			files = (
				1F894E9F27509FB300567CA3 /* FontManager.swift in Sources */,
				1F894EA12750A27900567CA3 /* CustomCorners.swift in Sources */,
				1F894E5F275099A000567CA3 /* ContentView.swift in Sources */,
				1F894E9D27509E8E00567CA3 /* OnboardingSceneView.swift in Sources */,
				1F894E5D275099A000567CA3 /* EcommerceDemoApp.swift in Sources */,
				1F894E9B27509D1D00567CA3 /* LoginSceneVM.swift in Sources */,
				1F894EA32750A55B00567CA3 /* LoginSceneView.swift in Sources */,
			);
			runOnlyForDeploymentPostprocessing = 0;
		};
		1F894E65275099A200567CA3 /* Sources */ = {
			isa = PBXSourcesBuildPhase;
			buildActionMask = 2147483647;
			files = (
				1F894E6E275099A200567CA3 /* EcommerceDemoTests.swift in Sources */,
			);
			runOnlyForDeploymentPostprocessing = 0;
		};
		1F894E6F275099A200567CA3 /* Sources */ = {
			isa = PBXSourcesBuildPhase;
			buildActionMask = 2147483647;
			files = (
				1F894E7A275099A200567CA3 /* EcommerceDemoUITestsLaunchTests.swift in Sources */,
				1F894E78275099A200567CA3 /* EcommerceDemoUITests.swift in Sources */,
			);
			runOnlyForDeploymentPostprocessing = 0;
		};
/* End PBXSourcesBuildPhase section */

/* Begin PBXTargetDependency section */
		1F894E6B275099A200567CA3 /* PBXTargetDependency */ = {
			isa = PBXTargetDependency;
			target = 1F894E58275099A000567CA3 /* EcommerceDemo */;
			targetProxy = 1F894E6A275099A200567CA3 /* PBXContainerItemProxy */;
		};
		1F894E75275099A200567CA3 /* PBXTargetDependency */ = {
			isa = PBXTargetDependency;
			target = 1F894E58275099A000567CA3 /* EcommerceDemo */;
			targetProxy = 1F894E74275099A200567CA3 /* PBXContainerItemProxy */;
		};
/* End PBXTargetDependency section */

/* Begin XCBuildConfiguration section */
		1F894E7B275099A200567CA3 /* Debug */ = {
			isa = XCBuildConfiguration;
			buildSettings = {
				ALWAYS_SEARCH_USER_PATHS = NO;
				CLANG_ANALYZER_NONNULL = YES;
				CLANG_ANALYZER_NUMBER_OBJECT_CONVERSION = YES_AGGRESSIVE;
				CLANG_CXX_LANGUAGE_STANDARD = "gnu++17";
				CLANG_CXX_LIBRARY = "libc++";
				CLANG_ENABLE_MODULES = YES;
				CLANG_ENABLE_OBJC_ARC = YES;
				CLANG_ENABLE_OBJC_WEAK = YES;
				CLANG_WARN_BLOCK_CAPTURE_AUTORELEASING = YES;
				CLANG_WARN_BOOL_CONVERSION = YES;
				CLANG_WARN_COMMA = YES;
				CLANG_WARN_CONSTANT_CONVERSION = YES;
				CLANG_WARN_DEPRECATED_OBJC_IMPLEMENTATIONS = YES;
				CLANG_WARN_DIRECT_OBJC_ISA_USAGE = YES_ERROR;
				CLANG_WARN_DOCUMENTATION_COMMENTS = YES;
				CLANG_WARN_EMPTY_BODY = YES;
				CLANG_WARN_ENUM_CONVERSION = YES;
				CLANG_WARN_INFINITE_RECURSION = YES;
				CLANG_WARN_INT_CONVERSION = YES;
				CLANG_WARN_NON_LITERAL_NULL_CONVERSION = YES;
				CLANG_WARN_OBJC_IMPLICIT_RETAIN_SELF = YES;
				CLANG_WARN_OBJC_LITERAL_CONVERSION = YES;
				CLANG_WARN_OBJC_ROOT_CLASS = YES_ERROR;
				CLANG_WARN_QUOTED_INCLUDE_IN_FRAMEWORK_HEADER = YES;
				CLANG_WARN_RANGE_LOOP_ANALYSIS = YES;
				CLANG_WARN_STRICT_PROTOTYPES = YES;
				CLANG_WARN_SUSPICIOUS_MOVE = YES;
				CLANG_WARN_UNGUARDED_AVAILABILITY = YES_AGGRESSIVE;
				CLANG_WARN_UNREACHABLE_CODE = YES;
				CLANG_WARN__DUPLICATE_METHOD_MATCH = YES;
				COPY_PHASE_STRIP = NO;
				DEBUG_INFORMATION_FORMAT = dwarf;
				ENABLE_STRICT_OBJC_MSGSEND = YES;
				ENABLE_TESTABILITY = YES;
				GCC_C_LANGUAGE_STANDARD = gnu11;
				GCC_DYNAMIC_NO_PIC = NO;
				GCC_NO_COMMON_BLOCKS = YES;
				GCC_OPTIMIZATION_LEVEL = 0;
				GCC_PREPROCESSOR_DEFINITIONS = (
					"DEBUG=1",
					"$(inherited)",
				);
				GCC_WARN_64_TO_32_BIT_CONVERSION = YES;
				GCC_WARN_ABOUT_RETURN_TYPE = YES_ERROR;
				GCC_WARN_UNDECLARED_SELECTOR = YES;
				GCC_WARN_UNINITIALIZED_AUTOS = YES_AGGRESSIVE;
				GCC_WARN_UNUSED_FUNCTION = YES;
				GCC_WARN_UNUSED_VARIABLE = YES;
				IPHONEOS_DEPLOYMENT_TARGET = 15.0;
				MTL_ENABLE_DEBUG_INFO = INCLUDE_SOURCE;
				MTL_FAST_MATH = YES;
				ONLY_ACTIVE_ARCH = YES;
				SDKROOT = iphoneos;
				SWIFT_ACTIVE_COMPILATION_CONDITIONS = DEBUG;
				SWIFT_OPTIMIZATION_LEVEL = "-Onone";
			};
			name = Debug;
		};
		1F894E7C275099A200567CA3 /* Release */ = {
			isa = XCBuildConfiguration;
			buildSettings = {
				ALWAYS_SEARCH_USER_PATHS = NO;
				CLANG_ANALYZER_NONNULL = YES;
				CLANG_ANALYZER_NUMBER_OBJECT_CONVERSION = YES_AGGRESSIVE;
				CLANG_CXX_LANGUAGE_STANDARD = "gnu++17";
				CLANG_CXX_LIBRARY = "libc++";
				CLANG_ENABLE_MODULES = YES;
				CLANG_ENABLE_OBJC_ARC = YES;
				CLANG_ENABLE_OBJC_WEAK = YES;
				CLANG_WARN_BLOCK_CAPTURE_AUTORELEASING = YES;
				CLANG_WARN_BOOL_CONVERSION = YES;
				CLANG_WARN_COMMA = YES;
				CLANG_WARN_CONSTANT_CONVERSION = YES;
				CLANG_WARN_DEPRECATED_OBJC_IMPLEMENTATIONS = YES;
				CLANG_WARN_DIRECT_OBJC_ISA_USAGE = YES_ERROR;
				CLANG_WARN_DOCUMENTATION_COMMENTS = YES;
				CLANG_WARN_EMPTY_BODY = YES;
				CLANG_WARN_ENUM_CONVERSION = YES;
				CLANG_WARN_INFINITE_RECURSION = YES;
				CLANG_WARN_INT_CONVERSION = YES;
				CLANG_WARN_NON_LITERAL_NULL_CONVERSION = YES;
				CLANG_WARN_OBJC_IMPLICIT_RETAIN_SELF = YES;
				CLANG_WARN_OBJC_LITERAL_CONVERSION = YES;
				CLANG_WARN_OBJC_ROOT_CLASS = YES_ERROR;
				CLANG_WARN_QUOTED_INCLUDE_IN_FRAMEWORK_HEADER = YES;
				CLANG_WARN_RANGE_LOOP_ANALYSIS = YES;
				CLANG_WARN_STRICT_PROTOTYPES = YES;
				CLANG_WARN_SUSPICIOUS_MOVE = YES;
				CLANG_WARN_UNGUARDED_AVAILABILITY = YES_AGGRESSIVE;
				CLANG_WARN_UNREACHABLE_CODE = YES;
				CLANG_WARN__DUPLICATE_METHOD_MATCH = YES;
				COPY_PHASE_STRIP = NO;
				DEBUG_INFORMATION_FORMAT = "dwarf-with-dsym";
				ENABLE_NS_ASSERTIONS = NO;
				ENABLE_STRICT_OBJC_MSGSEND = YES;
				GCC_C_LANGUAGE_STANDARD = gnu11;
				GCC_NO_COMMON_BLOCKS = YES;
				GCC_WARN_64_TO_32_BIT_CONVERSION = YES;
				GCC_WARN_ABOUT_RETURN_TYPE = YES_ERROR;
				GCC_WARN_UNDECLARED_SELECTOR = YES;
				GCC_WARN_UNINITIALIZED_AUTOS = YES_AGGRESSIVE;
				GCC_WARN_UNUSED_FUNCTION = YES;
				GCC_WARN_UNUSED_VARIABLE = YES;
				IPHONEOS_DEPLOYMENT_TARGET = 15.0;
				MTL_ENABLE_DEBUG_INFO = NO;
				MTL_FAST_MATH = YES;
				SDKROOT = iphoneos;
				SWIFT_COMPILATION_MODE = wholemodule;
				SWIFT_OPTIMIZATION_LEVEL = "-O";
				VALIDATE_PRODUCT = YES;
			};
			name = Release;
		};
		1F894E7E275099A200567CA3 /* Debug */ = {
			isa = XCBuildConfiguration;
			buildSettings = {
				ASSETCATALOG_COMPILER_APPICON_NAME = AppIcon;
				ASSETCATALOG_COMPILER_GLOBAL_ACCENT_COLOR_NAME = AccentColor;
				CODE_SIGN_STYLE = Automatic;
				CURRENT_PROJECT_VERSION = 1;
				DEVELOPMENT_ASSET_PATHS = "\"EcommerceDemo/Preview Content\"";
				DEVELOPMENT_TEAM = SNTB2L8C6Q;
				ENABLE_PREVIEWS = YES;
				GENERATE_INFOPLIST_FILE = YES;
				INFOPLIST_FILE = EcommerceDemo/Info.plist;
				INFOPLIST_KEY_UIApplicationSceneManifest_Generation = YES;
				INFOPLIST_KEY_UIApplicationSupportsIndirectInputEvents = YES;
				INFOPLIST_KEY_UILaunchScreen_Generation = YES;
				INFOPLIST_KEY_UISupportedInterfaceOrientations = UIInterfaceOrientationPortrait;
				IPHONEOS_DEPLOYMENT_TARGET = 14.0;
				LD_RUNPATH_SEARCH_PATHS = (
					"$(inherited)",
					"@executable_path/Frameworks",
				);
				MARKETING_VERSION = 1.0;
				PRODUCT_BUNDLE_IDENTIFIER = com.hcdev.EcommerceDemo;
				PRODUCT_NAME = "$(TARGET_NAME)";
				SWIFT_EMIT_LOC_STRINGS = YES;
				SWIFT_VERSION = 5.0;
				TARGETED_DEVICE_FAMILY = 1;
			};
			name = Debug;
		};
		1F894E7F275099A200567CA3 /* Release */ = {
			isa = XCBuildConfiguration;
			buildSettings = {
				ASSETCATALOG_COMPILER_APPICON_NAME = AppIcon;
				ASSETCATALOG_COMPILER_GLOBAL_ACCENT_COLOR_NAME = AccentColor;
				CODE_SIGN_STYLE = Automatic;
				CURRENT_PROJECT_VERSION = 1;
				DEVELOPMENT_ASSET_PATHS = "\"EcommerceDemo/Preview Content\"";
				DEVELOPMENT_TEAM = SNTB2L8C6Q;
				ENABLE_PREVIEWS = YES;
				GENERATE_INFOPLIST_FILE = YES;
				INFOPLIST_FILE = EcommerceDemo/Info.plist;
				INFOPLIST_KEY_UIApplicationSceneManifest_Generation = YES;
				INFOPLIST_KEY_UIApplicationSupportsIndirectInputEvents = YES;
				INFOPLIST_KEY_UILaunchScreen_Generation = YES;
				INFOPLIST_KEY_UISupportedInterfaceOrientations = UIInterfaceOrientationPortrait;
				IPHONEOS_DEPLOYMENT_TARGET = 14.0;
				LD_RUNPATH_SEARCH_PATHS = (
					"$(inherited)",
					"@executable_path/Frameworks",
				);
				MARKETING_VERSION = 1.0;
				PRODUCT_BUNDLE_IDENTIFIER = com.hcdev.EcommerceDemo;
				PRODUCT_NAME = "$(TARGET_NAME)";
				SWIFT_EMIT_LOC_STRINGS = YES;
				SWIFT_VERSION = 5.0;
				TARGETED_DEVICE_FAMILY = 1;
			};
			name = Release;
		};
		1F894E81275099A200567CA3 /* Debug */ = {
			isa = XCBuildConfiguration;
			buildSettings = {
				ALWAYS_EMBED_SWIFT_STANDARD_LIBRARIES = YES;
				BUNDLE_LOADER = "$(TEST_HOST)";
				CODE_SIGN_STYLE = Automatic;
				CURRENT_PROJECT_VERSION = 1;
				DEVELOPMENT_TEAM = SNTB2L8C6Q;
				GENERATE_INFOPLIST_FILE = YES;
				IPHONEOS_DEPLOYMENT_TARGET = 14.0;
				LD_RUNPATH_SEARCH_PATHS = (
					"$(inherited)",
					"@executable_path/Frameworks",
					"@loader_path/Frameworks",
				);
				MARKETING_VERSION = 1.0;
				PRODUCT_BUNDLE_IDENTIFIER = com.hcdev.EcommerceDemoTests;
				PRODUCT_NAME = "$(TARGET_NAME)";
				SWIFT_EMIT_LOC_STRINGS = NO;
				SWIFT_VERSION = 5.0;
				TARGETED_DEVICE_FAMILY = "1,2";
				TEST_HOST = "$(BUILT_PRODUCTS_DIR)/EcommerceDemo.app/EcommerceDemo";
			};
			name = Debug;
		};
		1F894E82275099A200567CA3 /* Release */ = {
			isa = XCBuildConfiguration;
			buildSettings = {
				ALWAYS_EMBED_SWIFT_STANDARD_LIBRARIES = YES;
				BUNDLE_LOADER = "$(TEST_HOST)";
				CODE_SIGN_STYLE = Automatic;
				CURRENT_PROJECT_VERSION = 1;
				DEVELOPMENT_TEAM = SNTB2L8C6Q;
				GENERATE_INFOPLIST_FILE = YES;
				IPHONEOS_DEPLOYMENT_TARGET = 14.0;
				LD_RUNPATH_SEARCH_PATHS = (
					"$(inherited)",
					"@executable_path/Frameworks",
					"@loader_path/Frameworks",
				);
				MARKETING_VERSION = 1.0;
				PRODUCT_BUNDLE_IDENTIFIER = com.hcdev.EcommerceDemoTests;
				PRODUCT_NAME = "$(TARGET_NAME)";
				SWIFT_EMIT_LOC_STRINGS = NO;
				SWIFT_VERSION = 5.0;
				TARGETED_DEVICE_FAMILY = "1,2";
				TEST_HOST = "$(BUILT_PRODUCTS_DIR)/EcommerceDemo.app/EcommerceDemo";
			};
			name = Release;
		};
		1F894E84275099A200567CA3 /* Debug */ = {
			isa = XCBuildConfiguration;
			buildSettings = {
				ALWAYS_EMBED_SWIFT_STANDARD_LIBRARIES = YES;
				CODE_SIGN_STYLE = Automatic;
				CURRENT_PROJECT_VERSION = 1;
				DEVELOPMENT_TEAM = SNTB2L8C6Q;
				GENERATE_INFOPLIST_FILE = YES;
				LD_RUNPATH_SEARCH_PATHS = (
					"$(inherited)",
					"@executable_path/Frameworks",
					"@loader_path/Frameworks",
				);
				MARKETING_VERSION = 1.0;
				PRODUCT_BUNDLE_IDENTIFIER = com.hcdev.EcommerceDemoUITests;
				PRODUCT_NAME = "$(TARGET_NAME)";
				SWIFT_EMIT_LOC_STRINGS = NO;
				SWIFT_VERSION = 5.0;
				TARGETED_DEVICE_FAMILY = "1,2";
				TEST_TARGET_NAME = EcommerceDemo;
			};
			name = Debug;
		};
		1F894E85275099A200567CA3 /* Release */ = {
			isa = XCBuildConfiguration;
			buildSettings = {
				ALWAYS_EMBED_SWIFT_STANDARD_LIBRARIES = YES;
				CODE_SIGN_STYLE = Automatic;
				CURRENT_PROJECT_VERSION = 1;
				DEVELOPMENT_TEAM = SNTB2L8C6Q;
				GENERATE_INFOPLIST_FILE = YES;
				LD_RUNPATH_SEARCH_PATHS = (
					"$(inherited)",
					"@executable_path/Frameworks",
					"@loader_path/Frameworks",
				);
				MARKETING_VERSION = 1.0;
				PRODUCT_BUNDLE_IDENTIFIER = com.hcdev.EcommerceDemoUITests;
				PRODUCT_NAME = "$(TARGET_NAME)";
				SWIFT_EMIT_LOC_STRINGS = NO;
				SWIFT_VERSION = 5.0;
				TARGETED_DEVICE_FAMILY = "1,2";
				TEST_TARGET_NAME = EcommerceDemo;
			};
			name = Release;
		};
/* End XCBuildConfiguration section */

/* Begin XCConfigurationList section */
		1F894E54275099A000567CA3 /* Build configuration list for PBXProject "EcommerceDemo" */ = {
			isa = XCConfigurationList;
			buildConfigurations = (
				1F894E7B275099A200567CA3 /* Debug */,
				1F894E7C275099A200567CA3 /* Release */,
			);
			defaultConfigurationIsVisible = 0;
			defaultConfigurationName = Release;
		};
		1F894E7D275099A200567CA3 /* Build configuration list for PBXNativeTarget "EcommerceDemo" */ = {
			isa = XCConfigurationList;
			buildConfigurations = (
				1F894E7E275099A200567CA3 /* Debug */,
				1F894E7F275099A200567CA3 /* Release */,
			);
			defaultConfigurationIsVisible = 0;
			defaultConfigurationName = Release;
		};
		1F894E80275099A200567CA3 /* Build configuration list for PBXNativeTarget "EcommerceDemoTests" */ = {
			isa = XCConfigurationList;
			buildConfigurations = (
				1F894E81275099A200567CA3 /* Debug */,
				1F894E82275099A200567CA3 /* Release */,
			);
			defaultConfigurationIsVisible = 0;
			defaultConfigurationName = Release;
		};
		1F894E83275099A200567CA3 /* Build configuration list for PBXNativeTarget "EcommerceDemoUITests" */ = {
			isa = XCConfigurationList;
			buildConfigurations = (
				1F894E84275099A200567CA3 /* Debug */,
				1F894E85275099A200567CA3 /* Release */,
			);
			defaultConfigurationIsVisible = 0;
			defaultConfigurationName = Release;
		};
/* End XCConfigurationList section */
	};
	rootObject = 1F894E51275099A000567CA3 /* Project object */;
}
